
Microsoft Visual Studio Solution File, Format Version 12.00
# Visual Studio Version 17
VisualStudioVersion = 17.14.36518.9 d17.14
MinimumVisualStudioVersion = 10.0.40219.1
Project("{FAE04EC0-301F-11D3-BF4B-00C04F79EFBC}") = "Lab3OOP", "Lab3OOP\Lab3OOP.csproj", "{35B2500C-4885-4E18-BA24-2EA4488D108F}"
EndProject
Global
	GlobalSection(SolutionConfigurationPlatforms) = preSolution
		Debug|Any CPU = Debug|Any CPU
		Release|Any CPU = Release|Any CPU
	EndGlobalSection
	GlobalSection(ProjectConfigurationPlatforms) = postSolution
		{35B2500C-4885-4E18-BA24-2EA4488D108F}.Debug|Any CPU.ActiveCfg = Debug|Any CPU
		{35B2500C-4885-4E18-BA24-2EA4488D108F}.Debug|Any CPU.Build.0 = Debug|Any CPU
		{35B2500C-4885-4E18-BA24-2EA4488D108F}.Release|Any CPU.ActiveCfg = Release|Any CPU
		{35B2500C-4885-4E18-BA24-2EA4488D108F}.Release|Any CPU.Build.0 = Release|Any CPU
	EndGlobalSection
	GlobalSection(SolutionProperties) = preSolution
		HideSolutionNode = FALSE
	EndGlobalSection
	GlobalSection(ExtensibilityGlobals) = postSolution
		SolutionGuid = {1197E072-89CB-4D06-A42F-E96D3E745229}
	EndGlobalSection
EndGlobal
